# This file is automatically @generated by Cargo.
# It is not intended for manual editing.
version = 4

[[package]]
name = "pne-cli"
version = "0.1.0"
dependencies = [
 "pne-core",
 "pne-energy",
 "pne-perf",
]

[[package]]
name = "pne-core"
version = "0.1.0"

[[package]]
name = "pne-energy"
version = "0.1.0"
dependencies = [
 "pne-core",
]

[[package]]
name = "pne-perf"
version = "0.1.0"
dependencies = [
 "pne-core",
]
